// !$*UTF8*$!
{
	archiveVersion = 1;
	classes = {
	};
	objectVersion = 50;
	objects = {

/* Begin PBXBuildFile section */
		7E4414DB270AD53A00AF0404 /* AppDelegate.swift in Sources */ = {isa = PBXBuildFile; fileRef = 7E4414DA270AD53A00AF0404 /* AppDelegate.swift */; };
		7E4414DD270AD53A00AF0404 /* SceneDelegate.swift in Sources */ = {isa = PBXBuildFile; fileRef = 7E4414DC270AD53A00AF0404 /* SceneDelegate.swift */; };
		7E4414DF270AD53A00AF0404 /* ViewController.swift in Sources */ = {isa = PBXBuildFile; fileRef = 7E4414DE270AD53A00AF0404 /* ViewController.swift */; };
		7E4414E2270AD53A00AF0404 /* Main.storyboard in Resources */ = {isa = PBXBuildFile; fileRef = 7E4414E0270AD53A00AF0404 /* Main.storyboard */; };
		7E4414E5270AD53A00AF0404 /* trial.xcdatamodeld in Sources */ = {isa = PBXBuildFile; fileRef = 7E4414E3270AD53A00AF0404 /* trial.xcdatamodeld */; };
		7E4414E7270AD53C00AF0404 /* Assets.xcassets in Resources */ = {isa = PBXBuildFile; fileRef = 7E4414E6270AD53C00AF0404 /* Assets.xcassets */; };
		7E4414EA270AD53C00AF0404 /* LaunchScreen.storyboard in Resources */ = {isa = PBXBuildFile; fileRef = 7E4414E8270AD53C00AF0404 /* LaunchScreen.storyboard */; };
/* End PBXBuildFile section */

/* Begin PBXFileReference section */
		7E4414D7270AD53A00AF0404 /* trial.app */ = {isa = PBXFileReference; explicitFileType = wrapper.application; includeInIndex = 0; path = trial.app; sourceTree = BUILT_PRODUCTS_DIR; };
		7E4414DA270AD53A00AF0404 /* AppDelegate.swift */ = {isa = PBXFileReference; lastKnownFileType = sourcecode.swift; path = AppDelegate.swift; sourceTree = "<group>"; };
		7E4414DC270AD53A00AF0404 /* SceneDelegate.swift */ = {isa = PBXFileReference; lastKnownFileType = sourcecode.swift; path = SceneDelegate.swift; sourceTree = "<group>"; };
		7E4414DE270AD53A00AF0404 /* ViewController.swift */ = {isa = PBXFileReference; lastKnownFileType = sourcecode.swift; path = ViewController.swift; sourceTree = "<group>"; };
		7E4414E1270AD53A00AF0404 /* Base */ = {isa = PBXFileReference; lastKnownFileType = file.storyboard; name = Base; path = Base.lproj/Main.storyboard; sourceTree = "<group>"; };
		7E4414E4270AD53A00AF0404 /* trial.xcdatamodel */ = {isa = PBXFileReference; lastKnownFileType = wrapper.xcdatamodel; path = trial.xcdatamodel; sourceTree = "<group>"; };
		7E4414E6270AD53C00AF0404 /* Assets.xcassets */ = {isa = PBXFileReference; lastKnownFileType = folder.assetcatalog; path = Assets.xcassets; sourceTree = "<group>"; };
		7E4414E9270AD53C00AF0404 /* Base */ = {isa = PBXFileReference; lastKnownFileType = file.storyboard; name = Base; path = Base.lproj/LaunchScreen.storyboard; sourceTree = "<group>"; };
		7E4414EB270AD53C00AF0404 /* Info.plist */ = {isa = PBXFileReference; lastKnownFileType = text.plist.xml; path = Info.plist; sourceTree = "<group>"; };
/* End PBXFileReference section */

/* Begin PBXFrameworksBuildPhase section */
		7E4414D4270AD53A00AF0404 /* Frameworks */ = {
			isa = PBXFrameworksBuildPhase;
			buildActionMask = 2147483647;
			files = (
			);
			runOnlyForDeploymentPostprocessing = 0;
		};
/* End PBXFrameworksBuildPhase section */

/* Begin PBXGroup section */
		7E4414CE270AD53A00AF0404 = {
			isa = PBXGroup;
			children = (
				7E4414D9270AD53A00AF0404 /* trial */,
				7E4414D8270AD53A00AF0404 /* Products */,
			);
			sourceTree = "<group>";
		};
		7E4414D8270AD53A00AF0404 /* Products */ = {
			isa = PBXGroup;
			children = (
				7E4414D7270AD53A00AF0404 /* trial.app */,
			);
			name = Products;
			sourceTree = "<group>";
		};
		7E4414D9270AD53A00AF0404 /* trial */ = {
			isa = PBXGroup;
			children = (
				7E4414DA270AD53A00AF0404 /* AppDelegate.swift */,
				7E4414DC270AD53A00AF0404 /* SceneDelegate.swift */,
				7E4414DE270AD53A00AF0404 /* ViewController.swift */,
				7E4414E0270AD53A00AF0404 /* Main.storyboard */,
				7E4414E6270AD53C00AF0404 /* Assets.xcassets */,
				7E4414E8270AD53C00AF0404 /* LaunchScreen.storyboard */,
				7E4414EB270AD53C00AF0404 /* Info.plist */,
				7E4414E3270AD53A00AF0404 /* trial.xcdatamodeld */,
			);
			path = trial;
			sourceTree = "<group>";
		};
/* End PBXGroup section */

/* Begin PBXNativeTarget section */
		7E4414D6270AD53A00AF0404 /* trial */ = {
			isa = PBXNativeTarget;
			buildConfigurationList = 7E4414EE270AD53C00AF0404 /* Build configuration list for PBXNativeTarget "trial" */;
			buildPhases = (
				7E4414D3270AD53A00AF0404 /* Sources */,
				7E4414D4270AD53A00AF0404 /* Frameworks */,
				7E4414D5270AD53A00AF0404 /* Resources */,
			);
			buildRules = (
			);
			dependencies = (
			);
			name = trial;
			productName = trial;
			productReference = 7E4414D7270AD53A00AF0404 /* trial.app */;
			productType = "com.apple.product-type.application";
		};
/* End PBXNativeTarget section */

/* Begin PBXProject section */
		7E4414CF270AD53A00AF0404 /* Project object */ = {
			isa = PBXProject;
			attributes = {
				LastSwiftUpdateCheck = 1170;
				LastUpgradeCheck = 1170;
				ORGANIZATIONNAME = Coditas;
				TargetAttributes = {
					7E4414D6270AD53A00AF0404 = {
						CreatedOnToolsVersion = 11.7;
					};
				};
			};
			buildConfigurationList = 7E4414D2270AD53A00AF0404 /* Build configuration list for PBXProject "trial" */;
			compatibilityVersion = "Xcode 9.3";
			developmentRegion = en;
			hasScannedForEncodings = 0;
			knownRegions = (
				en,
				Base,
			);
			mainGroup = 7E4414CE270AD53A00AF0404;
			productRefGroup = 7E4414D8270AD53A00AF0404 /* Products */;
			projectDirPath = "";
			projectRoot = "";
			targets = (
				7E4414D6270AD53A00AF0404 /* trial */,
			);
		};
/* End PBXProject section */

/* Begin PBXResourcesBuildPhase section */
		7E4414D5270AD53A00AF0404 /* Resources */ = {
			isa = PBXResourcesBuildPhase;
			buildActionMask = 2147483647;
			files = (
				7E4414EA270AD53C00AF0404 /* LaunchScreen.storyboard in Resources */,
				7E4414E7270AD53C00AF0404 /* Assets.xcassets in Resources */,
				7E4414E2270AD53A00AF0404 /* Main.storyboard in Resources */,
			);
			runOnlyForDeploymentPostprocessing = 0;
		};
/* End PBXResourcesBuildPhase section */

/* Begin PBXSourcesBuildPhase section */
		7E4414D3270AD53A00AF0404 /* Sources */ = {
			isa = PBXSourcesBuildPhase;
			buildActionMask = 2147483647;
			files = (
				7E4414DF270AD53A00AF0404 /* ViewController.swift in Sources */,
				7E4414DB270AD53A00AF0404 /* AppDelegate.swift in Sources */,
				7E4414E5270AD53A00AF0404 /* trial.xcdatamodeld in Sources */,
				7E4414DD270AD53A00AF0404 /* SceneDelegate.swift in Sources */,
			);
			runOnlyForDeploymentPostprocessing = 0;
		};
/* End PBXSourcesBuildPhase section */

/* Begin PBXVariantGroup section */
		7E4414E0270AD53A00AF0404 /* Main.storyboard */ = {
			isa = PBXVariantGroup;
			children = (
				7E4414E1270AD53A00AF0404 /* Base */,
			);
			name = Main.storyboard;
			sourceTree = "<group>";
		};
		7E4414E8270AD53C00AF0404 /* LaunchScreen.storyboard */ = {
			isa = PBXVariantGroup;
			children = (
				7E4414E9270AD53C00AF0404 /* Base */,
			);
			name = LaunchScreen.storyboard;
			sourceTree = "<group>";
		};
/* End PBXVariantGroup section */

/* Begin XCBuildConfiguration section */
		7E4414EC270AD53C00AF0404 /* Debug */ = {
			isa = XCBuildConfiguration;
			buildSettings = {
				ALWAYS_SEARCH_USER_PATHS = NO;
				CLANG_ANALYZER_NONNULL = YES;
				CLANG_ANALYZER_NUMBER_OBJECT_CONVERSION = YES_AGGRESSIVE;
				CLANG_CXX_LANGUAGE_STANDARD = "gnu++14";
				CLANG_CXX_LIBRARY = "libc++";
				CLANG_ENABLE_MODULES = YES;
				CLANG_ENABLE_OBJC_ARC = YES;
				CLANG_ENABLE_OBJC_WEAK = YES;
				CLANG_WARN_BLOCK_CAPTURE_AUTORELEASING = YES;
				CLANG_WARN_BOOL_CONVERSION = YES;
				CLANG_WARN_COMMA = YES;
				CLANG_WARN_CONSTANT_CONVERSION = YES;
				CLANG_WARN_DEPRECATED_OBJC_IMPLEMENTATIONS = YES;
				CLANG_WARN_DIRECT_OBJC_ISA_USAGE = YES_ERROR;
				CLANG_WARN_DOCUMENTATION_COMMENTS = YES;
				CLANG_WARN_EMPTY_BODY = YES;
				CLANG_WARN_ENUM_CONVERSION = YES;
				CLANG_WARN_INFINITE_RECURSION = YES;
				CLANG_WARN_INT_CONVERSION = YES;
				CLANG_WARN_NON_LITERAL_NULL_CONVERSION = YES;
				CLANG_WARN_OBJC_IMPLICIT_RETAIN_SELF = YES;
				CLANG_WARN_OBJC_LITERAL_CONVERSION = YES;
				CLANG_WARN_OBJC_ROOT_CLASS = YES_ERROR;
				CLANG_WARN_RANGE_LOOP_ANALYSIS = YES;
				CLANG_WARN_STRICT_PROTOTYPES = YES;
				CLANG_WARN_SUSPICIOUS_MOVE = YES;
				CLANG_WARN_UNGUARDED_AVAILABILITY = YES_AGGRESSIVE;
				CLANG_WARN_UNREACHABLE_CODE = YES;
				CLANG_WARN__DUPLICATE_METHOD_MATCH = YES;
				COPY_PHASE_STRIP = NO;
				DEBUG_INFORMATION_FORMAT = dwarf;
				ENABLE_STRICT_OBJC_MSGSEND = YES;
				ENABLE_TESTABILITY = YES;
				GCC_C_LANGUAGE_STANDARD = gnu11;
				GCC_DYNAMIC_NO_PIC = NO;
				GCC_NO_COMMON_BLOCKS = YES;
				GCC_OPTIMIZATION_LEVEL = 0;
				GCC_PREPROCESSOR_DEFINITIONS = (
					"DEBUG=1",
					"$(inherited)",
				);
				GCC_WARN_64_TO_32_BIT_CONVERSION = YES;
				GCC_WARN_ABOUT_RETURN_TYPE = YES_ERROR;
				GCC_WARN_UNDECLARED_SELECTOR = YES;
				GCC_WARN_UNINITIALIZED_AUTOS = YES_AGGRESSIVE;
				GCC_WARN_UNUSED_FUNCTION = YES;
				GCC_WARN_UNUSED_VARIABLE = YES;
				IPHONEOS_DEPLOYMENT_TARGET = 13.7;
				MTL_ENABLE_DEBUG_INFO = INCLUDE_SOURCE;
				MTL_FAST_MATH = YES;
				ONLY_ACTIVE_ARCH = YES;
				SDKROOT = iphoneos;
				SWIFT_ACTIVE_COMPILATION_CONDITIONS = DEBUG;
				SWIFT_OPTIMIZATION_LEVEL = "-Onone";
			};
			name = Debug;
		};
		7E4414ED270AD53C00AF0404 /* Release */ = {
			isa = XCBuildConfiguration;
			buildSettings = {
				ALWAYS_SEARCH_USER_PATHS = NO;
				CLANG_ANALYZER_NONNULL = YES;
				CLANG_ANALYZER_NUMBER_OBJECT_CONVERSION = YES_AGGRESSIVE;
				CLANG_CXX_LANGUAGE_STANDARD = "gnu++14";
				CLANG_CXX_LIBRARY = "libc++";
				CLANG_ENABLE_MODULES = YES;
				CLANG_ENABLE_OBJC_ARC = YES;
				CLANG_ENABLE_OBJC_WEAK = YES;
				CLANG_WARN_BLOCK_CAPTURE_AUTORELEASING = YES;
				CLANG_WARN_BOOL_CONVERSION = YES;
				CLANG_WARN_COMMA = YES;
				CLANG_WARN_CONSTANT_CONVERSION = YES;
				CLANG_WARN_DEPRECATED_OBJC_IMPLEMENTATIONS = YES;
				CLANG_WARN_DIRECT_OBJC_ISA_USAGE = YES_ERROR;
				CLANG_WARN_DOCUMENTATION_COMMENTS = YES;
				CLANG_WARN_EMPTY_BODY = YES;
				CLANG_WARN_ENUM_CONVERSION = YES;
				CLANG_WARN_INFINITE_RECURSION = YES;
				CLANG_WARN_INT_CONVERSION = YES;
				CLANG_WARN_NON_LITERAL_NULL_CONVERSION = YES;
				CLANG_WARN_OBJC_IMPLICIT_RETAIN_SELF = YES;
				CLANG_WARN_OBJC_LITERAL_CONVERSION = YES;
				CLANG_WARN_OBJC_ROOT_CLASS = YES_ERROR;
				CLANG_WARN_RANGE_LOOP_ANALYSIS = YES;
				CLANG_WARN_STRICT_PROTOTYPES = YES;
				CLANG_WARN_SUSPICIOUS_MOVE = YES;
				CLANG_WARN_UNGUARDED_AVAILABILITY = YES_AGGRESSIVE;
				CLANG_WARN_UNREACHABLE_CODE = YES;
				CLANG_WARN__DUPLICATE_METHOD_MATCH = YES;
				COPY_PHASE_STRIP = NO;
				DEBUG_INFORMATION_FORMAT = "dwarf-with-dsym";
				ENABLE_NS_ASSERTIONS = NO;
				ENABLE_STRICT_OBJC_MSGSEND = YES;
				GCC_C_LANGUAGE_STANDARD = gnu11;
				GCC_NO_COMMON_BLOCKS = YES;
				GCC_WARN_64_TO_32_BIT_CONVERSION = YES;
				GCC_WARN_ABOUT_RETURN_TYPE = YES_ERROR;
				GCC_WARN_UNDECLARED_SELECTOR = YES;
				GCC_WARN_UNINITIALIZED_AUTOS = YES_AGGRESSIVE;
				GCC_WARN_UNUSED_FUNCTION = YES;
				GCC_WARN_UNUSED_VARIABLE = YES;
				IPHONEOS_DEPLOYMENT_TARGET = 13.7;
				MTL_ENABLE_DEBUG_INFO = NO;
				MTL_FAST_MATH = YES;
				SDKROOT = iphoneos;
				SWIFT_COMPILATION_MODE = wholemodule;
				SWIFT_OPTIMIZATION_LEVEL = "-O";
				VALIDATE_PRODUCT = YES;
			};
			name = Release;
		};
		7E4414EF270AD53C00AF0404 /* Debug */ = {
			isa = XCBuildConfiguration;
			buildSettings = {
				ASSETCATALOG_COMPILER_APPICON_NAME = AppIcon;
				CODE_SIGN_STYLE = Automatic;
				DEVELOPMENT_TEAM = TTNMNDU6PP;
				INFOPLIST_FILE = trial/Info.plist;
				LD_RUNPATH_SEARCH_PATHS = (
					"$(inherited)",
					"@executable_path/Frameworks",
				);
				PRODUCT_BUNDLE_IDENTIFIER = RutujaHulsure.trial;
				PRODUCT_NAME = "$(TARGET_NAME)";
				SWIFT_VERSION = 5.0;
				TARGETED_DEVICE_FAMILY = "1,2";
			};
			name = Debug;
		};
		7E4414F0270AD53C00AF0404 /* Release */ = {
			isa = XCBuildConfiguration;
			buildSettings = {
				ASSETCATALOG_COMPILER_APPICON_NAME = AppIcon;
				CODE_SIGN_STYLE = Automatic;
				DEVELOPMENT_TEAM = TTNMNDU6PP;
				INFOPLIST_FILE = trial/Info.plist;
				LD_RUNPATH_SEARCH_PATHS = (
					"$(inherited)",
					"@executable_path/Frameworks",
				);
				PRODUCT_BUNDLE_IDENTIFIER = RutujaHulsure.trial;
				PRODUCT_NAME = "$(TARGET_NAME)";
				SWIFT_VERSION = 5.0;
				TARGETED_DEVICE_FAMILY = "1,2";
			};
			name = Release;
		};
/* End XCBuildConfiguration section */

/* Begin XCConfigurationList section */
		7E4414D2270AD53A00AF0404 /* Build configuration list for PBXProject "trial" */ = {
			isa = XCConfigurationList;
			buildConfigurations = (
				7E4414EC270AD53C00AF0404 /* Debug */,
				7E4414ED270AD53C00AF0404 /* Release */,
			);
			defaultConfigurationIsVisible = 0;
			defaultConfigurationName = Release;
		};
		7E4414EE270AD53C00AF0404 /* Build configuration list for PBXNativeTarget "trial" */ = {
			isa = XCConfigurationList;
			buildConfigurations = (
				7E4414EF270AD53C00AF0404 /* Debug */,
				7E4414F0270AD53C00AF0404 /* Release */,
			);
			defaultConfigurationIsVisible = 0;
			defaultConfigurationName = Release;
		};
/* End XCConfigurationList section */

/* Begin XCVersionGroup section */
		7E4414E3270AD53A00AF0404 /* trial.xcdatamodeld */ = {
			isa = XCVersionGroup;
			children = (
				7E4414E4270AD53A00AF0404 /* trial.xcdatamodel */,
			);
			currentVersion = 7E4414E4270AD53A00AF0404 /* trial.xcdatamodel */;
			path = trial.xcdatamodeld;
			sourceTree = "<group>";
			versionGroupType = wrapper.xcdatamodel;
		};
/* End XCVersionGroup section */
	};
	rootObject = 7E4414CF270AD53A00AF0404 /* Project object */;
}
